
Microsoft Visual Studio Solution File, Format Version 12.00
# Visual Studio Version 17
VisualStudioVersion = 17.2.32630.192
MinimumVisualStudioVersion = 10.0.40219.1
Project("{2150E333-8FDC-42A3-9474-1A3956D46DE8}") = "_references", "_references", "{98E74278-96DF-4CF5-A247-9647EE5A9909}"
EndProject
Project("{2150E333-8FDC-42A3-9474-1A3956D46DE8}") = "Solution Items", "Solution Items", "{97D97ECA-B93B-4C51-B0C3-F6D435523736}"
EndProject
Project("{2150E333-8FDC-42A3-9474-1A3956D46DE8}") = "NuGet", "NuGet", "{BA7EAE1B-81BF-447A-8854-90A2776AD3C1}"
	ProjectSection(SolutionItems) = preProject
		.nuget\MaxFactry.General.AspNet.IIS.Mvc4.nuspec = .nuget\MaxFactry.General.AspNet.IIS.Mvc4.nuspec
		.nuget\MaxFactry.General.AspNet.IIS.Mvc5.nuspec = .nuget\MaxFactry.General.AspNet.IIS.Mvc5.nuspec
		.nuget\nuget.config = .nuget\nuget.config
		.nuget\package.bat = .nuget\package.bat
		.nuget\readme.md = .nuget\readme.md
	EndProjectSection
EndProject
Project("{FAE04EC0-301F-11D3-BF4B-00C04F79EFBC}") = "MaxFactry.General.AspNet.IIS.Mvc5-NF-4.8", "MaxFactry.General.AspNet.IIS.Mvc5-NF-4.8\MaxFactry.General.AspNet.IIS.Mvc5-NF-4.8.csproj", "{727034C7-66E1-4723-95D4-A9AF249262CA}"
EndProject
Project("{FAE04EC0-301F-11D3-BF4B-00C04F79EFBC}") = "MaxFactry.General.AspNet.IIS.Mvc5-NF-4.7.2", "MaxFactry.General.AspNet.IIS.Mvc5-NF-4.7.2\MaxFactry.General.AspNet.IIS.Mvc5-NF-4.7.2.csproj", "{AB4E73B6-5861-4C46-9A4E-BCCEF00F3CE7}"
EndProject
Project("{FAE04EC0-301F-11D3-BF4B-00C04F79EFBC}") = "MaxFactry.General.AspNet.IIS.Mvc5-NF-4.5.2", "MaxFactry.General.AspNet.IIS.Mvc5-NF-4.5.2\MaxFactry.General.AspNet.IIS.Mvc5-NF-4.5.2.csproj", "{240CA3E4-F54C-469F-BCBE-7179645EB147}"
EndProject
Project("{FAE04EC0-301F-11D3-BF4B-00C04F79EFBC}") = "MaxFactry.General.AspNet.IIS.Mvc4-NF-4.5.2", "MaxFactry.General.AspNet.IIS.Mvc4-NF-4.5.2\MaxFactry.General.AspNet.IIS.Mvc4-NF-4.5.2.csproj", "{3A10B3B8-D2DD-4A75-BAB1-54B38FBBCAE2}"
EndProject
Global
	GlobalSection(SolutionConfigurationPlatforms) = preSolution
		Debug|Any CPU = Debug|Any CPU
		Release|Any CPU = Release|Any CPU
	EndGlobalSection
	GlobalSection(ProjectConfigurationPlatforms) = postSolution
		{727034C7-66E1-4723-95D4-A9AF249262CA}.Debug|Any CPU.ActiveCfg = Debug|Any CPU
		{727034C7-66E1-4723-95D4-A9AF249262CA}.Debug|Any CPU.Build.0 = Debug|Any CPU
		{727034C7-66E1-4723-95D4-A9AF249262CA}.Release|Any CPU.ActiveCfg = Release|Any CPU
		{727034C7-66E1-4723-95D4-A9AF249262CA}.Release|Any CPU.Build.0 = Release|Any CPU
		{AB4E73B6-5861-4C46-9A4E-BCCEF00F3CE7}.Debug|Any CPU.ActiveCfg = Debug|Any CPU
		{AB4E73B6-5861-4C46-9A4E-BCCEF00F3CE7}.Debug|Any CPU.Build.0 = Debug|Any CPU
		{AB4E73B6-5861-4C46-9A4E-BCCEF00F3CE7}.Release|Any CPU.ActiveCfg = Release|Any CPU
		{AB4E73B6-5861-4C46-9A4E-BCCEF00F3CE7}.Release|Any CPU.Build.0 = Release|Any CPU
		{240CA3E4-F54C-469F-BCBE-7179645EB147}.Debug|Any CPU.ActiveCfg = Debug|Any CPU
		{240CA3E4-F54C-469F-BCBE-7179645EB147}.Debug|Any CPU.Build.0 = Debug|Any CPU
		{240CA3E4-F54C-469F-BCBE-7179645EB147}.Release|Any CPU.ActiveCfg = Release|Any CPU
		{240CA3E4-F54C-469F-BCBE-7179645EB147}.Release|Any CPU.Build.0 = Release|Any CPU
		{3A10B3B8-D2DD-4A75-BAB1-54B38FBBCAE2}.Debug|Any CPU.ActiveCfg = Debug|Any CPU
		{3A10B3B8-D2DD-4A75-BAB1-54B38FBBCAE2}.Debug|Any CPU.Build.0 = Debug|Any CPU
		{3A10B3B8-D2DD-4A75-BAB1-54B38FBBCAE2}.Release|Any CPU.ActiveCfg = Release|Any CPU
		{3A10B3B8-D2DD-4A75-BAB1-54B38FBBCAE2}.Release|Any CPU.Build.0 = Release|Any CPU
	EndGlobalSection
	GlobalSection(SolutionProperties) = preSolution
		HideSolutionNode = FALSE
	EndGlobalSection
	GlobalSection(ExtensibilityGlobals) = postSolution
		SolutionGuid = {378343BF-A2F2-4E07-A30F-2E86528D1F50}
	EndGlobalSection
EndGlobal
