
Microsoft Visual Studio Solution File, Format Version 12.00
# Visual Studio Version 17
VisualStudioVersion = 17.2.32630.192
MinimumVisualStudioVersion = 10.0.40219.1
Project("{2150E333-8FDC-42A3-9474-1A3956D46DE8}") = "_references", "_references", "{98E74278-96DF-4CF5-A247-9647EE5A9909}"
EndProject
Project("{2150E333-8FDC-42A3-9474-1A3956D46DE8}") = "MaxFactry", "MaxFactry", "{A70B9A02-C5EA-4448-AE69-65F3F6C1B826}"
EndProject
Project("{2150E333-8FDC-42A3-9474-1A3956D46DE8}") = "Core", "Core", "{431D15E9-E2E8-499D-99A2-946E8AC2207B}"
EndProject
Project("{2150E333-8FDC-42A3-9474-1A3956D46DE8}") = "Base", "Base", "{4257803C-E277-428D-AA17-85483F217F93}"
EndProject
Project("{2150E333-8FDC-42A3-9474-1A3956D46DE8}") = "Solution Items", "Solution Items", "{97D97ECA-B93B-4C51-B0C3-F6D435523736}"
EndProject
Project("{FAE04EC0-301F-11D3-BF4B-00C04F79EFBC}") = "MaxFactry.General-NF-2.0", "MaxFactry.General-NF-2.0\MaxFactry.General-NF-2.0.csproj", "{7EA91872-343D-4607-84AC-956E07195D64}"
EndProject
Project("{FAE04EC0-301F-11D3-BF4B-00C04F79EFBC}") = "MaxFactry.General-NF-4.5.2", "MaxFactry.General-NF-4.5.2\MaxFactry.General-NF-4.5.2.csproj", "{A625C04C-84C7-4D75-8E53-8B37542235E0}"
EndProject
Project("{FAE04EC0-301F-11D3-BF4B-00C04F79EFBC}") = "MaxFactry.General.AspNet-NF-2.0", "MaxFactry.General.AspNet-NF-2.0\MaxFactry.General.AspNet-NF-2.0.csproj", "{51751036-DCCF-4D29-8884-18E3ADB85DF3}"
EndProject
Project("{FAE04EC0-301F-11D3-BF4B-00C04F79EFBC}") = "MaxFactry.General.AspNet-NF-4.5.2", "MaxFactry.General.AspNet-NF-4.5.2\MaxFactry.General.AspNet-NF-4.5.2.csproj", "{8F6A762F-3FDE-4FC2-98AC-61CAE1F3553C}"
EndProject
Project("{FAE04EC0-301F-11D3-BF4B-00C04F79EFBC}") = "MaxFactry.General.AspNet.IIS-NF-4.5.2", "MaxFactry.General.AspNet.IIS-NF-4.5.2\MaxFactry.General.AspNet.IIS-NF-4.5.2.csproj", "{788EE320-DCDE-457E-84DF-E9F3869968D5}"
EndProject
Project("{FAE04EC0-301F-11D3-BF4B-00C04F79EFBC}") = "MaxFactry.General.AspNet.IIS.Mvc4-NF-4.5.2", "MaxFactry.General.AspNet.IIS.Mvc4-NF-4.5.2\MaxFactry.General.AspNet.IIS.Mvc4-NF-4.5.2.csproj", "{3A10B3B8-D2DD-4A75-BAB1-54B38FBBCAE2}"
EndProject
Project("{FAE04EC0-301F-11D3-BF4B-00C04F79EFBC}") = "MaxFactry.General.AspNet.IIS.Mvc5-NF-4.5.2", "MaxFactry.General.AspNet.IIS.Mvc5-NF-4.5.2\MaxFactry.General.AspNet.IIS.Mvc5-NF-4.5.2.csproj", "{240CA3E4-F54C-469F-BCBE-7179645EB147}"
EndProject
Project("{9A19103F-16F7-4668-BE54-9A1E7A4F7556}") = "MaxFactry.General-NC-2.1", "MaxFactry.General-NC-2.1\MaxFactry.General-NC-2.1.csproj", "{3B596BF0-6248-4152-B074-50E69F3CAEAF}"
EndProject
Project("{9A19103F-16F7-4668-BE54-9A1E7A4F7556}") = "MaxFactry.Core-NC-2.1", "_sm\MaxFactry.Base\_sm\MaxFactry.Core\MaxFactry.Core-NC-2.1\MaxFactry.Core-NC-2.1.csproj", "{21CA5700-EA09-4FA5-98B4-46AFCBB90811}"
EndProject
Project("{FAE04EC0-301F-11D3-BF4B-00C04F79EFBC}") = "MaxFactry.Core-NF-2.0", "_sm\MaxFactry.Base\_sm\MaxFactry.Core\MaxFactry.Core-NF-2.0\MaxFactry.Core-NF-2.0.csproj", "{27E6CF32-FD87-4AE5-AFA2-FAD5CB86AE0C}"
EndProject
Project("{FAE04EC0-301F-11D3-BF4B-00C04F79EFBC}") = "MaxFactry.Core-NF-4.5.2", "_sm\MaxFactry.Base\_sm\MaxFactry.Core\MaxFactry.Core-NF-4.5.2\MaxFactry.Core-NF-4.5.2.csproj", "{DB84BCDE-6F72-4657-811F-40A824AE041F}"
EndProject
Project("{9A19103F-16F7-4668-BE54-9A1E7A4F7556}") = "MaxFactry.Base-NC-2.1", "_sm\MaxFactry.Base\MaxFactry.Base-NC-2.1\MaxFactry.Base-NC-2.1.csproj", "{65379227-E392-406D-B23B-BE321B68A618}"
EndProject
Project("{FAE04EC0-301F-11D3-BF4B-00C04F79EFBC}") = "MaxFactry.Base-NF-2.0", "_sm\MaxFactry.Base\MaxFactry.Base-NF-2.0\MaxFactry.Base-NF-2.0.csproj", "{B4784207-457E-4C7C-BF95-F72A901ED032}"
EndProject
Project("{FAE04EC0-301F-11D3-BF4B-00C04F79EFBC}") = "MaxFactry.Base-NF-4.5.2", "_sm\MaxFactry.Base\MaxFactry.Base-NF-4.5.2\MaxFactry.Base-NF-4.5.2.csproj", "{2120B857-FAD6-4310-9EC8-3D958087FEE2}"
EndProject
Project("{FAE04EC0-301F-11D3-BF4B-00C04F79EFBC}") = "MaxFactry.General.AspNet.IIS-NF-2.0", "MaxFactry.General.AspNet.IIS-NF-2.0\MaxFactry.General.AspNet.IIS-NF-2.0.csproj", "{EC87C7D8-89B6-457C-B766-D946F45B7604}"
EndProject
Global
	GlobalSection(SolutionConfigurationPlatforms) = preSolution
		Debug|Any CPU = Debug|Any CPU
		Release|Any CPU = Release|Any CPU
	EndGlobalSection
	GlobalSection(ProjectConfigurationPlatforms) = postSolution
		{7EA91872-343D-4607-84AC-956E07195D64}.Debug|Any CPU.ActiveCfg = Debug|Any CPU
		{7EA91872-343D-4607-84AC-956E07195D64}.Debug|Any CPU.Build.0 = Debug|Any CPU
		{7EA91872-343D-4607-84AC-956E07195D64}.Release|Any CPU.ActiveCfg = Release|Any CPU
		{7EA91872-343D-4607-84AC-956E07195D64}.Release|Any CPU.Build.0 = Release|Any CPU
		{A625C04C-84C7-4D75-8E53-8B37542235E0}.Debug|Any CPU.ActiveCfg = Debug|Any CPU
		{A625C04C-84C7-4D75-8E53-8B37542235E0}.Debug|Any CPU.Build.0 = Debug|Any CPU
		{A625C04C-84C7-4D75-8E53-8B37542235E0}.Release|Any CPU.ActiveCfg = Release|Any CPU
		{A625C04C-84C7-4D75-8E53-8B37542235E0}.Release|Any CPU.Build.0 = Release|Any CPU
		{51751036-DCCF-4D29-8884-18E3ADB85DF3}.Debug|Any CPU.ActiveCfg = Debug|Any CPU
		{51751036-DCCF-4D29-8884-18E3ADB85DF3}.Debug|Any CPU.Build.0 = Debug|Any CPU
		{51751036-DCCF-4D29-8884-18E3ADB85DF3}.Release|Any CPU.ActiveCfg = Release|Any CPU
		{51751036-DCCF-4D29-8884-18E3ADB85DF3}.Release|Any CPU.Build.0 = Release|Any CPU
		{8F6A762F-3FDE-4FC2-98AC-61CAE1F3553C}.Debug|Any CPU.ActiveCfg = Debug|Any CPU
		{8F6A762F-3FDE-4FC2-98AC-61CAE1F3553C}.Debug|Any CPU.Build.0 = Debug|Any CPU
		{8F6A762F-3FDE-4FC2-98AC-61CAE1F3553C}.Release|Any CPU.ActiveCfg = Release|Any CPU
		{8F6A762F-3FDE-4FC2-98AC-61CAE1F3553C}.Release|Any CPU.Build.0 = Release|Any CPU
		{788EE320-DCDE-457E-84DF-E9F3869968D5}.Debug|Any CPU.ActiveCfg = Debug|Any CPU
		{788EE320-DCDE-457E-84DF-E9F3869968D5}.Debug|Any CPU.Build.0 = Debug|Any CPU
		{788EE320-DCDE-457E-84DF-E9F3869968D5}.Release|Any CPU.ActiveCfg = Release|Any CPU
		{788EE320-DCDE-457E-84DF-E9F3869968D5}.Release|Any CPU.Build.0 = Release|Any CPU
		{3A10B3B8-D2DD-4A75-BAB1-54B38FBBCAE2}.Debug|Any CPU.ActiveCfg = Debug|Any CPU
		{3A10B3B8-D2DD-4A75-BAB1-54B38FBBCAE2}.Debug|Any CPU.Build.0 = Debug|Any CPU
		{3A10B3B8-D2DD-4A75-BAB1-54B38FBBCAE2}.Release|Any CPU.ActiveCfg = Release|Any CPU
		{3A10B3B8-D2DD-4A75-BAB1-54B38FBBCAE2}.Release|Any CPU.Build.0 = Release|Any CPU
		{240CA3E4-F54C-469F-BCBE-7179645EB147}.Debug|Any CPU.ActiveCfg = Debug|Any CPU
		{240CA3E4-F54C-469F-BCBE-7179645EB147}.Debug|Any CPU.Build.0 = Debug|Any CPU
		{240CA3E4-F54C-469F-BCBE-7179645EB147}.Release|Any CPU.ActiveCfg = Release|Any CPU
		{240CA3E4-F54C-469F-BCBE-7179645EB147}.Release|Any CPU.Build.0 = Release|Any CPU
		{3B596BF0-6248-4152-B074-50E69F3CAEAF}.Debug|Any CPU.ActiveCfg = Debug|Any CPU
		{3B596BF0-6248-4152-B074-50E69F3CAEAF}.Debug|Any CPU.Build.0 = Debug|Any CPU
		{3B596BF0-6248-4152-B074-50E69F3CAEAF}.Release|Any CPU.ActiveCfg = Release|Any CPU
		{3B596BF0-6248-4152-B074-50E69F3CAEAF}.Release|Any CPU.Build.0 = Release|Any CPU
		{21CA5700-EA09-4FA5-98B4-46AFCBB90811}.Debug|Any CPU.ActiveCfg = Debug|Any CPU
		{21CA5700-EA09-4FA5-98B4-46AFCBB90811}.Debug|Any CPU.Build.0 = Debug|Any CPU
		{21CA5700-EA09-4FA5-98B4-46AFCBB90811}.Release|Any CPU.ActiveCfg = Release|Any CPU
		{21CA5700-EA09-4FA5-98B4-46AFCBB90811}.Release|Any CPU.Build.0 = Release|Any CPU
		{27E6CF32-FD87-4AE5-AFA2-FAD5CB86AE0C}.Debug|Any CPU.ActiveCfg = Debug|Any CPU
		{27E6CF32-FD87-4AE5-AFA2-FAD5CB86AE0C}.Debug|Any CPU.Build.0 = Debug|Any CPU
		{27E6CF32-FD87-4AE5-AFA2-FAD5CB86AE0C}.Release|Any CPU.ActiveCfg = Release|Any CPU
		{27E6CF32-FD87-4AE5-AFA2-FAD5CB86AE0C}.Release|Any CPU.Build.0 = Release|Any CPU
		{DB84BCDE-6F72-4657-811F-40A824AE041F}.Debug|Any CPU.ActiveCfg = Debug|Any CPU
		{DB84BCDE-6F72-4657-811F-40A824AE041F}.Debug|Any CPU.Build.0 = Debug|Any CPU
		{DB84BCDE-6F72-4657-811F-40A824AE041F}.Release|Any CPU.ActiveCfg = Release|Any CPU
		{DB84BCDE-6F72-4657-811F-40A824AE041F}.Release|Any CPU.Build.0 = Release|Any CPU
		{65379227-E392-406D-B23B-BE321B68A618}.Debug|Any CPU.ActiveCfg = Debug|Any CPU
		{65379227-E392-406D-B23B-BE321B68A618}.Debug|Any CPU.Build.0 = Debug|Any CPU
		{65379227-E392-406D-B23B-BE321B68A618}.Release|Any CPU.ActiveCfg = Release|Any CPU
		{65379227-E392-406D-B23B-BE321B68A618}.Release|Any CPU.Build.0 = Release|Any CPU
		{B4784207-457E-4C7C-BF95-F72A901ED032}.Debug|Any CPU.ActiveCfg = Debug|Any CPU
		{B4784207-457E-4C7C-BF95-F72A901ED032}.Debug|Any CPU.Build.0 = Debug|Any CPU
		{B4784207-457E-4C7C-BF95-F72A901ED032}.Release|Any CPU.ActiveCfg = Release|Any CPU
		{B4784207-457E-4C7C-BF95-F72A901ED032}.Release|Any CPU.Build.0 = Release|Any CPU
		{2120B857-FAD6-4310-9EC8-3D958087FEE2}.Debug|Any CPU.ActiveCfg = Debug|Any CPU
		{2120B857-FAD6-4310-9EC8-3D958087FEE2}.Debug|Any CPU.Build.0 = Debug|Any CPU
		{2120B857-FAD6-4310-9EC8-3D958087FEE2}.Release|Any CPU.ActiveCfg = Release|Any CPU
		{2120B857-FAD6-4310-9EC8-3D958087FEE2}.Release|Any CPU.Build.0 = Release|Any CPU
		{EC87C7D8-89B6-457C-B766-D946F45B7604}.Debug|Any CPU.ActiveCfg = Debug|Any CPU
		{EC87C7D8-89B6-457C-B766-D946F45B7604}.Debug|Any CPU.Build.0 = Debug|Any CPU
		{EC87C7D8-89B6-457C-B766-D946F45B7604}.Release|Any CPU.ActiveCfg = Release|Any CPU
		{EC87C7D8-89B6-457C-B766-D946F45B7604}.Release|Any CPU.Build.0 = Release|Any CPU
	EndGlobalSection
	GlobalSection(SolutionProperties) = preSolution
		HideSolutionNode = FALSE
	EndGlobalSection
	GlobalSection(NestedProjects) = preSolution
		{A70B9A02-C5EA-4448-AE69-65F3F6C1B826} = {98E74278-96DF-4CF5-A247-9647EE5A9909}
		{431D15E9-E2E8-499D-99A2-946E8AC2207B} = {A70B9A02-C5EA-4448-AE69-65F3F6C1B826}
		{4257803C-E277-428D-AA17-85483F217F93} = {A70B9A02-C5EA-4448-AE69-65F3F6C1B826}
		{21CA5700-EA09-4FA5-98B4-46AFCBB90811} = {431D15E9-E2E8-499D-99A2-946E8AC2207B}
		{27E6CF32-FD87-4AE5-AFA2-FAD5CB86AE0C} = {431D15E9-E2E8-499D-99A2-946E8AC2207B}
		{DB84BCDE-6F72-4657-811F-40A824AE041F} = {431D15E9-E2E8-499D-99A2-946E8AC2207B}
		{65379227-E392-406D-B23B-BE321B68A618} = {4257803C-E277-428D-AA17-85483F217F93}
		{B4784207-457E-4C7C-BF95-F72A901ED032} = {4257803C-E277-428D-AA17-85483F217F93}
		{2120B857-FAD6-4310-9EC8-3D958087FEE2} = {4257803C-E277-428D-AA17-85483F217F93}
	EndGlobalSection
	GlobalSection(ExtensibilityGlobals) = postSolution
		SolutionGuid = {378343BF-A2F2-4E07-A30F-2E86528D1F50}
	EndGlobalSection
EndGlobal
